
Microsoft Visual Studio Solution File, Format Version 12.00
# Visual Studio Express 2012 for Windows Desktop
Project("{FAE04EC0-301F-11D3-BF4B-00C04F79EFBC}") = "VITA_FILE_FIXER", "VITA_FILE_FIXER.csproj", "{9F74E092-3EF4-4690-B023-61686E7DD5E6}"
EndProject
Global
	GlobalSection(SolutionConfigurationPlatforms) = preSolution
		Debug|Any CPU = Debug|Any CPU
		Release|Any CPU = Release|Any CPU
	EndGlobalSection
	GlobalSection(ProjectConfigurationPlatforms) = postSolution
		{9F74E092-3EF4-4690-B023-61686E7DD5E6}.Debug|Any CPU.ActiveCfg = Debug|Any CPU
		{9F74E092-3EF4-4690-B023-61686E7DD5E6}.Debug|Any CPU.Build.0 = Debug|Any CPU
		{9F74E092-3EF4-4690-B023-61686E7DD5E6}.Release|Any CPU.ActiveCfg = Release|Any CPU
		{9F74E092-3EF4-4690-B023-61686E7DD5E6}.Release|Any CPU.Build.0 = Release|Any CPU
	EndGlobalSection
	GlobalSection(SolutionProperties) = preSolution
		HideSolutionNode = FALSE
	EndGlobalSection
EndGlobal
