
Microsoft Visual Studio Solution File, Format Version 12.00
# Visual Studio Express 2012 for Windows Desktop
Project("{FAE04EC0-301F-11D3-BF4B-00C04F79EFBC}") = "AR_DIFF_TOOL", "AR_DIFF_TOOL.csproj", "{432E1465-9DD7-49DA-AB1B-1DCE041AA1ED}"
EndProject
Global
	GlobalSection(SolutionConfigurationPlatforms) = preSolution
		Debug|Any CPU = Debug|Any CPU
		Debug|x64 = Debug|x64
		Release|Any CPU = Release|Any CPU
		Release|x64 = Release|x64
	EndGlobalSection
	GlobalSection(ProjectConfigurationPlatforms) = postSolution
		{432E1465-9DD7-49DA-AB1B-1DCE041AA1ED}.Debug|Any CPU.ActiveCfg = Debug|Any CPU
		{432E1465-9DD7-49DA-AB1B-1DCE041AA1ED}.Debug|Any CPU.Build.0 = Debug|Any CPU
		{432E1465-9DD7-49DA-AB1B-1DCE041AA1ED}.Debug|x64.ActiveCfg = Debug|x64
		{432E1465-9DD7-49DA-AB1B-1DCE041AA1ED}.Debug|x64.Build.0 = Debug|x64
		{432E1465-9DD7-49DA-AB1B-1DCE041AA1ED}.Release|Any CPU.ActiveCfg = Release|Any CPU
		{432E1465-9DD7-49DA-AB1B-1DCE041AA1ED}.Release|Any CPU.Build.0 = Release|Any CPU
		{432E1465-9DD7-49DA-AB1B-1DCE041AA1ED}.Release|x64.ActiveCfg = Release|x64
		{432E1465-9DD7-49DA-AB1B-1DCE041AA1ED}.Release|x64.Build.0 = Release|x64
	EndGlobalSection
	GlobalSection(SolutionProperties) = preSolution
		HideSolutionNode = FALSE
	EndGlobalSection
EndGlobal
